
Microsoft Visual Studio Solution File, Format Version 12.00
# Visual Studio 15
VisualStudioVersion = 15.0.33026.149
MinimumVisualStudioVersion = 10.0.40219.1
Project("{FAE04EC0-301F-11D3-BF4B-00C04F79EFBC}") = "STM Mechanization", "STM Mechanization\STM Mechanization.csproj", "{96DBAFC9-3AD3-4F88-892A-0A7998331E25}"
EndProject
Global
	GlobalSection(SolutionConfigurationPlatforms) = preSolution
		Debug|Any CPU = Debug|Any CPU
		Release|Any CPU = Release|Any CPU
	EndGlobalSection
	GlobalSection(ProjectConfigurationPlatforms) = postSolution
		{96DBAFC9-3AD3-4F88-892A-0A7998331E25}.Debug|Any CPU.ActiveCfg = Debug|Any CPU
		{96DBAFC9-3AD3-4F88-892A-0A7998331E25}.Debug|Any CPU.Build.0 = Debug|Any CPU
		{96DBAFC9-3AD3-4F88-892A-0A7998331E25}.Release|Any CPU.ActiveCfg = Release|Any CPU
		{96DBAFC9-3AD3-4F88-892A-0A7998331E25}.Release|Any CPU.Build.0 = Release|Any CPU
	EndGlobalSection
	GlobalSection(SolutionProperties) = preSolution
		HideSolutionNode = FALSE
	EndGlobalSection
	GlobalSection(ExtensibilityGlobals) = postSolution
		SolutionGuid = {CE9EE3D9-6739-47F5-9C4A-D5D7BC98BD2F}
	EndGlobalSection
EndGlobal
